Microsoft Visual Studio Solution File, Format Version 12.00
# 17
VisualStudioVersion = 17.11.35103.136
MinimumVisualStudioVersion = 10.0.40219.1
Project("{FAE04EC0-301F-11D3-BF4B-00C04F79EFBC}") = "HostingV7", "HostingV7\HostingV7.csproj", "{842422C9-0667-45F4-A4B8-3E536D206F94}"
EndProject
Project("{FAE04EC0-301F-11D3-BF4B-00C04F79EFBC}") = "HostingV8", "HostingV8\HostingV8.csproj", "{066054DD-2936-4121-89E0-DB27E8C0AD75}"
EndProject
Project("{FAE04EC0-301F-11D3-BF4B-00C04F79EFBC}") = "ContainerV7", "ContainerV7\ContainerV7.csproj", "{E3C59F32-9D02-48AB-98DD-57CF1570FC48}"
EndProject
Project("{FAE04EC0-301F-11D3-BF4B-00C04F79EFBC}") = "ContainerV8", "ContainerV8\ContainerV8.csproj", "{D7535C32-0A85-425A-9ADE-0919893CBE0D}"
EndProject
Project("{FAE04EC0-301F-11D3-BF4B-00C04F79EFBC}") = "HostingV7_DefaultBuilder", "HostingV7_DefaultBuilder\HostingV7_DefaultBuilder.csproj", "{469BFC79-B6A4-448B-80F9-39419F8884B5}"
EndProject
Global
	GlobalSection(SolutionConfigurationPlatforms) = preSolution
		Debug R20|Any CPU = Debug R20|Any CPU
		Debug R21|Any CPU = Debug R21|Any CPU
		Debug R22|Any CPU = Debug R22|Any CPU
		Debug R23|Any CPU = Debug R23|Any CPU
		Debug R24|Any CPU = Debug R24|Any CPU
		Debug R25|Any CPU = Debug R25|Any CPU
		Release R20|Any CPU = Release R20|Any CPU
		Release R21|Any CPU = Release R21|Any CPU
		Release R22|Any CPU = Release R22|Any CPU
		Release R23|Any CPU = Release R23|Any CPU
		Release R24|Any CPU = Release R24|Any CPU
		Release R25|Any CPU = Release R25|Any CPU
	EndGlobalSection
	GlobalSection(ProjectConfigurationPlatforms) = postSolution
		{842422C9-0667-45F4-A4B8-3E536D206F94}.Debug R20|Any CPU.ActiveCfg = Debug R20|Any CPU
		{842422C9-0667-45F4-A4B8-3E536D206F94}.Debug R20|Any CPU.Build.0 = Debug R20|Any CPU
		{842422C9-0667-45F4-A4B8-3E536D206F94}.Debug R21|Any CPU.ActiveCfg = Debug R21|Any CPU
		{842422C9-0667-45F4-A4B8-3E536D206F94}.Debug R21|Any CPU.Build.0 = Debug R21|Any CPU
		{842422C9-0667-45F4-A4B8-3E536D206F94}.Debug R22|Any CPU.ActiveCfg = Debug R22|Any CPU
		{842422C9-0667-45F4-A4B8-3E536D206F94}.Debug R22|Any CPU.Build.0 = Debug R22|Any CPU
		{842422C9-0667-45F4-A4B8-3E536D206F94}.Debug R23|Any CPU.ActiveCfg = Debug R23|Any CPU
		{842422C9-0667-45F4-A4B8-3E536D206F94}.Debug R23|Any CPU.Build.0 = Debug R23|Any CPU
		{842422C9-0667-45F4-A4B8-3E536D206F94}.Debug R24|Any CPU.ActiveCfg = Debug R24|Any CPU
		{842422C9-0667-45F4-A4B8-3E536D206F94}.Debug R24|Any CPU.Build.0 = Debug R24|Any CPU
		{842422C9-0667-45F4-A4B8-3E536D206F94}.Debug R25|Any CPU.ActiveCfg = Debug R25|Any CPU
		{842422C9-0667-45F4-A4B8-3E536D206F94}.Debug R25|Any CPU.Build.0 = Debug R25|Any CPU
		{842422C9-0667-45F4-A4B8-3E536D206F94}.Release R20|Any CPU.ActiveCfg = Release R20|Any CPU
		{842422C9-0667-45F4-A4B8-3E536D206F94}.Release R20|Any CPU.Build.0 = Release R20|Any CPU
		{842422C9-0667-45F4-A4B8-3E536D206F94}.Release R21|Any CPU.ActiveCfg = Release R21|Any CPU
		{842422C9-0667-45F4-A4B8-3E536D206F94}.Release R21|Any CPU.Build.0 = Release R21|Any CPU
		{842422C9-0667-45F4-A4B8-3E536D206F94}.Release R22|Any CPU.ActiveCfg = Release R22|Any CPU
		{842422C9-0667-45F4-A4B8-3E536D206F94}.Release R22|Any CPU.Build.0 = Release R22|Any CPU
		{842422C9-0667-45F4-A4B8-3E536D206F94}.Release R23|Any CPU.ActiveCfg = Release R23|Any CPU
		{842422C9-0667-45F4-A4B8-3E536D206F94}.Release R23|Any CPU.Build.0 = Release R23|Any CPU
		{842422C9-0667-45F4-A4B8-3E536D206F94}.Release R24|Any CPU.ActiveCfg = Release R24|Any CPU
		{842422C9-0667-45F4-A4B8-3E536D206F94}.Release R24|Any CPU.Build.0 = Release R24|Any CPU
		{842422C9-0667-45F4-A4B8-3E536D206F94}.Release R25|Any CPU.ActiveCfg = Release R25|Any CPU
		{842422C9-0667-45F4-A4B8-3E536D206F94}.Release R25|Any CPU.Build.0 = Release R25|Any CPU
		{066054DD-2936-4121-89E0-DB27E8C0AD75}.Debug R20|Any CPU.ActiveCfg = Debug R20|Any CPU
		{066054DD-2936-4121-89E0-DB27E8C0AD75}.Debug R20|Any CPU.Build.0 = Debug R20|Any CPU
		{066054DD-2936-4121-89E0-DB27E8C0AD75}.Debug R21|Any CPU.ActiveCfg = Debug R21|Any CPU
		{066054DD-2936-4121-89E0-DB27E8C0AD75}.Debug R21|Any CPU.Build.0 = Debug R21|Any CPU
		{066054DD-2936-4121-89E0-DB27E8C0AD75}.Debug R22|Any CPU.ActiveCfg = Debug R22|Any CPU
		{066054DD-2936-4121-89E0-DB27E8C0AD75}.Debug R22|Any CPU.Build.0 = Debug R22|Any CPU
		{066054DD-2936-4121-89E0-DB27E8C0AD75}.Debug R23|Any CPU.ActiveCfg = Debug R23|Any CPU
		{066054DD-2936-4121-89E0-DB27E8C0AD75}.Debug R23|Any CPU.Build.0 = Debug R23|Any CPU
		{066054DD-2936-4121-89E0-DB27E8C0AD75}.Debug R24|Any CPU.ActiveCfg = Debug R24|Any CPU
		{066054DD-2936-4121-89E0-DB27E8C0AD75}.Debug R24|Any CPU.Build.0 = Debug R24|Any CPU
		{066054DD-2936-4121-89E0-DB27E8C0AD75}.Debug R25|Any CPU.ActiveCfg = Debug R25|Any CPU
		{066054DD-2936-4121-89E0-DB27E8C0AD75}.Debug R25|Any CPU.Build.0 = Debug R25|Any CPU
		{066054DD-2936-4121-89E0-DB27E8C0AD75}.Release R20|Any CPU.ActiveCfg = Release R20|Any CPU
		{066054DD-2936-4121-89E0-DB27E8C0AD75}.Release R20|Any CPU.Build.0 = Release R20|Any CPU
		{066054DD-2936-4121-89E0-DB27E8C0AD75}.Release R21|Any CPU.ActiveCfg = Release R21|Any CPU
		{066054DD-2936-4121-89E0-DB27E8C0AD75}.Release R21|Any CPU.Build.0 = Release R21|Any CPU
		{066054DD-2936-4121-89E0-DB27E8C0AD75}.Release R22|Any CPU.ActiveCfg = Release R22|Any CPU
		{066054DD-2936-4121-89E0-DB27E8C0AD75}.Release R22|Any CPU.Build.0 = Release R22|Any CPU
		{066054DD-2936-4121-89E0-DB27E8C0AD75}.Release R23|Any CPU.ActiveCfg = Release R23|Any CPU
		{066054DD-2936-4121-89E0-DB27E8C0AD75}.Release R23|Any CPU.Build.0 = Release R23|Any CPU
		{066054DD-2936-4121-89E0-DB27E8C0AD75}.Release R24|Any CPU.ActiveCfg = Release R24|Any CPU
		{066054DD-2936-4121-89E0-DB27E8C0AD75}.Release R24|Any CPU.Build.0 = Release R24|Any CPU
		{066054DD-2936-4121-89E0-DB27E8C0AD75}.Release R25|Any CPU.ActiveCfg = Release R25|Any CPU
		{066054DD-2936-4121-89E0-DB27E8C0AD75}.Release R25|Any CPU.Build.0 = Release R25|Any CPU
		{E3C59F32-9D02-48AB-98DD-57CF1570FC48}.Debug R20|Any CPU.ActiveCfg = Debug R20|Any CPU
		{E3C59F32-9D02-48AB-98DD-57CF1570FC48}.Debug R20|Any CPU.Build.0 = Debug R20|Any CPU
		{E3C59F32-9D02-48AB-98DD-57CF1570FC48}.Debug R21|Any CPU.ActiveCfg = Debug R21|Any CPU
		{E3C59F32-9D02-48AB-98DD-57CF1570FC48}.Debug R21|Any CPU.Build.0 = Debug R21|Any CPU
		{E3C59F32-9D02-48AB-98DD-57CF1570FC48}.Debug R22|Any CPU.ActiveCfg = Debug R22|Any CPU
		{E3C59F32-9D02-48AB-98DD-57CF1570FC48}.Debug R22|Any CPU.Build.0 = Debug R22|Any CPU
		{E3C59F32-9D02-48AB-98DD-57CF1570FC48}.Debug R23|Any CPU.ActiveCfg = Debug R23|Any CPU
		{E3C59F32-9D02-48AB-98DD-57CF1570FC48}.Debug R23|Any CPU.Build.0 = Debug R23|Any CPU
		{E3C59F32-9D02-48AB-98DD-57CF1570FC48}.Debug R24|Any CPU.ActiveCfg = Debug R24|Any CPU
		{E3C59F32-9D02-48AB-98DD-57CF1570FC48}.Debug R24|Any CPU.Build.0 = Debug R24|Any CPU
		{E3C59F32-9D02-48AB-98DD-57CF1570FC48}.Debug R25|Any CPU.ActiveCfg = Debug R25|Any CPU
		{E3C59F32-9D02-48AB-98DD-57CF1570FC48}.Debug R25|Any CPU.Build.0 = Debug R25|Any CPU
		{E3C59F32-9D02-48AB-98DD-57CF1570FC48}.Release R20|Any CPU.ActiveCfg = Release R20|Any CPU
		{E3C59F32-9D02-48AB-98DD-57CF1570FC48}.Release R20|Any CPU.Build.0 = Release R20|Any CPU
		{E3C59F32-9D02-48AB-98DD-57CF1570FC48}.Release R21|Any CPU.ActiveCfg = Release R21|Any CPU
		{E3C59F32-9D02-48AB-98DD-57CF1570FC48}.Release R21|Any CPU.Build.0 = Release R21|Any CPU
		{E3C59F32-9D02-48AB-98DD-57CF1570FC48}.Release R22|Any CPU.ActiveCfg = Release R22|Any CPU
		{E3C59F32-9D02-48AB-98DD-57CF1570FC48}.Release R22|Any CPU.Build.0 = Release R22|Any CPU
		{E3C59F32-9D02-48AB-98DD-57CF1570FC48}.Release R23|Any CPU.ActiveCfg = Release R23|Any CPU
		{E3C59F32-9D02-48AB-98DD-57CF1570FC48}.Release R23|Any CPU.Build.0 = Release R23|Any CPU
		{E3C59F32-9D02-48AB-98DD-57CF1570FC48}.Release R24|Any CPU.ActiveCfg = Release R24|Any CPU
		{E3C59F32-9D02-48AB-98DD-57CF1570FC48}.Release R24|Any CPU.Build.0 = Release R24|Any CPU
		{E3C59F32-9D02-48AB-98DD-57CF1570FC48}.Release R25|Any CPU.ActiveCfg = Release R25|Any CPU
		{E3C59F32-9D02-48AB-98DD-57CF1570FC48}.Release R25|Any CPU.Build.0 = Release R25|Any CPU
		{D7535C32-0A85-425A-9ADE-0919893CBE0D}.Debug R20|Any CPU.ActiveCfg = Debug R20|Any CPU
		{D7535C32-0A85-425A-9ADE-0919893CBE0D}.Debug R20|Any CPU.Build.0 = Debug R20|Any CPU
		{D7535C32-0A85-425A-9ADE-0919893CBE0D}.Debug R21|Any CPU.ActiveCfg = Debug R21|Any CPU
		{D7535C32-0A85-425A-9ADE-0919893CBE0D}.Debug R21|Any CPU.Build.0 = Debug R21|Any CPU
		{D7535C32-0A85-425A-9ADE-0919893CBE0D}.Debug R22|Any CPU.ActiveCfg = Debug R22|Any CPU
		{D7535C32-0A85-425A-9ADE-0919893CBE0D}.Debug R22|Any CPU.Build.0 = Debug R22|Any CPU
		{D7535C32-0A85-425A-9ADE-0919893CBE0D}.Debug R23|Any CPU.ActiveCfg = Debug R23|Any CPU
		{D7535C32-0A85-425A-9ADE-0919893CBE0D}.Debug R23|Any CPU.Build.0 = Debug R23|Any CPU
		{D7535C32-0A85-425A-9ADE-0919893CBE0D}.Debug R24|Any CPU.ActiveCfg = Debug R24|Any CPU
		{D7535C32-0A85-425A-9ADE-0919893CBE0D}.Debug R24|Any CPU.Build.0 = Debug R24|Any CPU
		{D7535C32-0A85-425A-9ADE-0919893CBE0D}.Debug R25|Any CPU.ActiveCfg = Debug R25|Any CPU
		{D7535C32-0A85-425A-9ADE-0919893CBE0D}.Debug R25|Any CPU.Build.0 = Debug R25|Any CPU
		{D7535C32-0A85-425A-9ADE-0919893CBE0D}.Release R20|Any CPU.ActiveCfg = Release R20|Any CPU
		{D7535C32-0A85-425A-9ADE-0919893CBE0D}.Release R20|Any CPU.Build.0 = Release R20|Any CPU
		{D7535C32-0A85-425A-9ADE-0919893CBE0D}.Release R21|Any CPU.ActiveCfg = Release R21|Any CPU
		{D7535C32-0A85-425A-9ADE-0919893CBE0D}.Release R21|Any CPU.Build.0 = Release R21|Any CPU
		{D7535C32-0A85-425A-9ADE-0919893CBE0D}.Release R22|Any CPU.ActiveCfg = Release R22|Any CPU
		{D7535C32-0A85-425A-9ADE-0919893CBE0D}.Release R22|Any CPU.Build.0 = Release R22|Any CPU
		{D7535C32-0A85-425A-9ADE-0919893CBE0D}.Release R23|Any CPU.ActiveCfg = Release R23|Any CPU
		{D7535C32-0A85-425A-9ADE-0919893CBE0D}.Release R23|Any CPU.Build.0 = Release R23|Any CPU
		{D7535C32-0A85-425A-9ADE-0919893CBE0D}.Release R24|Any CPU.ActiveCfg = Release R24|Any CPU
		{D7535C32-0A85-425A-9ADE-0919893CBE0D}.Release R24|Any CPU.Build.0 = Release R24|Any CPU
		{D7535C32-0A85-425A-9ADE-0919893CBE0D}.Release R25|Any CPU.ActiveCfg = Release R25|Any CPU
		{D7535C32-0A85-425A-9ADE-0919893CBE0D}.Release R25|Any CPU.Build.0 = Release R25|Any CPU
		{469BFC79-B6A4-448B-80F9-39419F8884B5}.Debug R20|Any CPU.ActiveCfg = Debug R20|Any CPU
		{469BFC79-B6A4-448B-80F9-39419F8884B5}.Debug R20|Any CPU.Build.0 = Debug R20|Any CPU
		{469BFC79-B6A4-448B-80F9-39419F8884B5}.Debug R21|Any CPU.ActiveCfg = Debug R21|Any CPU
		{469BFC79-B6A4-448B-80F9-39419F8884B5}.Debug R21|Any CPU.Build.0 = Debug R21|Any CPU
		{469BFC79-B6A4-448B-80F9-39419F8884B5}.Debug R22|Any CPU.ActiveCfg = Debug R22|Any CPU
		{469BFC79-B6A4-448B-80F9-39419F8884B5}.Debug R22|Any CPU.Build.0 = Debug R22|Any CPU
		{469BFC79-B6A4-448B-80F9-39419F8884B5}.Debug R23|Any CPU.ActiveCfg = Debug R23|Any CPU
		{469BFC79-B6A4-448B-80F9-39419F8884B5}.Debug R23|Any CPU.Build.0 = Debug R23|Any CPU
		{469BFC79-B6A4-448B-80F9-39419F8884B5}.Debug R24|Any CPU.ActiveCfg = Debug R24|Any CPU
		{469BFC79-B6A4-448B-80F9-39419F8884B5}.Debug R24|Any CPU.Build.0 = Debug R24|Any CPU
		{469BFC79-B6A4-448B-80F9-39419F8884B5}.Debug R25|Any CPU.ActiveCfg = Debug R25|Any CPU
		{469BFC79-B6A4-448B-80F9-39419F8884B5}.Debug R25|Any CPU.Build.0 = Debug R25|Any CPU
		{469BFC79-B6A4-448B-80F9-39419F8884B5}.Release R20|Any CPU.ActiveCfg = Release R20|Any CPU
		{469BFC79-B6A4-448B-80F9-39419F8884B5}.Release R20|Any CPU.Build.0 = Release R20|Any CPU
		{469BFC79-B6A4-448B-80F9-39419F8884B5}.Release R21|Any CPU.ActiveCfg = Release R21|Any CPU
		{469BFC79-B6A4-448B-80F9-39419F8884B5}.Release R21|Any CPU.Build.0 = Release R21|Any CPU
		{469BFC79-B6A4-448B-80F9-39419F8884B5}.Release R22|Any CPU.ActiveCfg = Release R22|Any CPU
		{469BFC79-B6A4-448B-80F9-39419F8884B5}.Release R22|Any CPU.Build.0 = Release R22|Any CPU
		{469BFC79-B6A4-448B-80F9-39419F8884B5}.Release R23|Any CPU.ActiveCfg = Release R23|Any CPU
		{469BFC79-B6A4-448B-80F9-39419F8884B5}.Release R23|Any CPU.Build.0 = Release R23|Any CPU
		{469BFC79-B6A4-448B-80F9-39419F8884B5}.Release R24|Any CPU.ActiveCfg = Release R24|Any CPU
		{469BFC79-B6A4-448B-80F9-39419F8884B5}.Release R24|Any CPU.Build.0 = Release R24|Any CPU
		{469BFC79-B6A4-448B-80F9-39419F8884B5}.Release R25|Any CPU.ActiveCfg = Release R25|Any CPU
		{469BFC79-B6A4-448B-80F9-39419F8884B5}.Release R25|Any CPU.Build.0 = Release R25|Any CPU
	EndGlobalSection
	GlobalSection(SolutionProperties) = preSolution
		HideSolutionNode = FALSE
	EndGlobalSection
	GlobalSection(ExtensibilityGlobals) = postSolution
		SolutionGuid = {68CDAC02-1B80-4E7C-9CAC-38A863A0501D}
	EndGlobalSection
EndGlobal
